
Microsoft Visual Studio Solution File, Format Version 12.00
# Visual Studio Version 16
VisualStudioVersion = 16.0.30804.86
MinimumVisualStudioVersion = 10.0.40219.1
Project("{FAE04EC0-301F-11D3-BF4B-00C04F79EFBC}") = "AngularJS_Demo", "AngularJS_Demo\AngularJS_Demo.csproj", "{F8A64769-44DB-4BB6-8934-A29A50E929AD}"
EndProject
Global
	GlobalSection(SolutionConfigurationPlatforms) = preSolution
		Debug|Any CPU = Debug|Any CPU
		Release|Any CPU = Release|Any CPU
	EndGlobalSection
	GlobalSection(ProjectConfigurationPlatforms) = postSolution
		{F8A64769-44DB-4BB6-8934-A29A50E929AD}.Debug|Any CPU.ActiveCfg = Debug|Any CPU
		{F8A64769-44DB-4BB6-8934-A29A50E929AD}.Debug|Any CPU.Build.0 = Debug|Any CPU
		{F8A64769-44DB-4BB6-8934-A29A50E929AD}.Release|Any CPU.ActiveCfg = Release|Any CPU
		{F8A64769-44DB-4BB6-8934-A29A50E929AD}.Release|Any CPU.Build.0 = Release|Any CPU
	EndGlobalSection
	GlobalSection(SolutionProperties) = preSolution
		HideSolutionNode = FALSE
	EndGlobalSection
	GlobalSection(ExtensibilityGlobals) = postSolution
		SolutionGuid = {2DA45724-280D-492F-91DF-E5036D5E46C6}
	EndGlobalSection
EndGlobal
